
Microsoft Visual Studio Solution File, Format Version 12.00
# Visual Studio Version 16
VisualStudioVersion = 16.0.31105.61
MinimumVisualStudioVersion = 10.0.40219.1
Project("{FAE04EC0-301F-11D3-BF4B-00C04F79EFBC}") = "ADO.NET-.NET CORE", "ADO.NET-.NET CORE.csproj", "{56F50499-9FD4-48BB-AA4C-4FB0C52AC2BF}"
EndProject
Global
	GlobalSection(SolutionConfigurationPlatforms) = preSolution
		Debug|Any CPU = Debug|Any CPU
		Release|Any CPU = Release|Any CPU
	EndGlobalSection
	GlobalSection(ProjectConfigurationPlatforms) = postSolution
		{56F50499-9FD4-48BB-AA4C-4FB0C52AC2BF}.Debug|Any CPU.ActiveCfg = Debug|Any CPU
		{56F50499-9FD4-48BB-AA4C-4FB0C52AC2BF}.Debug|Any CPU.Build.0 = Debug|Any CPU
		{56F50499-9FD4-48BB-AA4C-4FB0C52AC2BF}.Release|Any CPU.ActiveCfg = Release|Any CPU
		{56F50499-9FD4-48BB-AA4C-4FB0C52AC2BF}.Release|Any CPU.Build.0 = Release|Any CPU
	EndGlobalSection
	GlobalSection(SolutionProperties) = preSolution
		HideSolutionNode = FALSE
	EndGlobalSection
	GlobalSection(ExtensibilityGlobals) = postSolution
		SolutionGuid = {822E03E8-08E1-4F94-A817-947CFC160E68}
	EndGlobalSection
EndGlobal
